// !$*UTF8*$!
{
	archiveVersion = 1;
	classes = {
	};
	objectVersion = 50;
	objects = {

/* Begin PBXBuildFile section */
		7F330E2C212C84870037E545 /* AppDelegate.swift in Sources */ = {isa = PBXBuildFile; fileRef = 7F330E2B212C84870037E545 /* AppDelegate.swift */; };
		7F330E2E212C84870037E545 /* ViewController.swift in Sources */ = {isa = PBXBuildFile; fileRef = 7F330E2D212C84870037E545 /* ViewController.swift */; };
		7F330E31212C84870037E545 /* Main.storyboard in Resources */ = {isa = PBXBuildFile; fileRef = 7F330E2F212C84870037E545 /* Main.storyboard */; };
		7F330E33212C84880037E545 /* Assets.xcassets in Resources */ = {isa = PBXBuildFile; fileRef = 7F330E32212C84880037E545 /* Assets.xcassets */; };
		7F330E36212C84880037E545 /* LaunchScreen.storyboard in Resources */ = {isa = PBXBuildFile; fileRef = 7F330E34212C84880037E545 /* LaunchScreen.storyboard */; };
		7F330E41212C84880037E545 /* ocrdemoTests.swift in Sources */ = {isa = PBXBuildFile; fileRef = 7F330E40212C84880037E545 /* ocrdemoTests.swift */; };
		7F330E4C212C84890037E545 /* ocrdemoUITests.swift in Sources */ = {isa = PBXBuildFile; fileRef = 7F330E4B212C84890037E545 /* ocrdemoUITests.swift */; };
		7FFD9346212D95C80095FDF0 /* tessdata in Resources */ = {isa = PBXBuildFile; fileRef = 7FFD9345212D95C80095FDF0 /* tessdata */; };
		7FFD9348212DF2EA0095FDF0 /* libstdc++.tbd in Frameworks */ = {isa = PBXBuildFile; fileRef = 7FFD9347212DF2EA0095FDF0 /* libstdc++.tbd */; };
		7FFD934A212DF2FA0095FDF0 /* CoreImage.framework in Frameworks */ = {isa = PBXBuildFile; fileRef = 7FFD9349212DF2F90095FDF0 /* CoreImage.framework */; };
		7FFD934C212DF3070095FDF0 /* TesseractOCR.framework in Frameworks */ = {isa = PBXBuildFile; fileRef = 7FFD934B212DF3070095FDF0 /* TesseractOCR.framework */; };
		B53F1E0C998CC15602A2C48A /* Pods_ocrdemo.framework in Frameworks */ = {isa = PBXBuildFile; fileRef = A44266058CFE94C250611222 /* Pods_ocrdemo.framework */; };
/* End PBXBuildFile section */

/* Begin PBXContainerItemProxy section */
		7F330E3D212C84880037E545 /* PBXContainerItemProxy */ = {
			isa = PBXContainerItemProxy;
			containerPortal = 7F330E20212C84870037E545 /* Project object */;
			proxyType = 1;
			remoteGlobalIDString = 7F330E27212C84870037E545;
			remoteInfo = ocrdemo;
		};
		7F330E48212C84890037E545 /* PBXContainerItemProxy */ = {
			isa = PBXContainerItemProxy;
			containerPortal = 7F330E20212C84870037E545 /* Project object */;
			proxyType = 1;
			remoteGlobalIDString = 7F330E27212C84870037E545;
			remoteInfo = ocrdemo;
		};
/* End PBXContainerItemProxy section */

/* Begin PBXFileReference section */
		5C128DBD1BA2BD3A31DE150B /* Pods-ocrdemo.release.xcconfig */ = {isa = PBXFileReference; includeInIndex = 1; lastKnownFileType = text.xcconfig; name = "Pods-ocrdemo.release.xcconfig"; path = "Pods/Target Support Files/Pods-ocrdemo/Pods-ocrdemo.release.xcconfig"; sourceTree = "<group>"; };
		6A112CB41C0DB194AEB528FB /* Pods-ocrdemo.debug.xcconfig */ = {isa = PBXFileReference; includeInIndex = 1; lastKnownFileType = text.xcconfig; name = "Pods-ocrdemo.debug.xcconfig"; path = "Pods/Target Support Files/Pods-ocrdemo/Pods-ocrdemo.debug.xcconfig"; sourceTree = "<group>"; };
		7F330E28212C84870037E545 /* ocrdemo.app */ = {isa = PBXFileReference; explicitFileType = wrapper.application; includeInIndex = 0; path = ocrdemo.app; sourceTree = BUILT_PRODUCTS_DIR; };
		7F330E2B212C84870037E545 /* AppDelegate.swift */ = {isa = PBXFileReference; lastKnownFileType = sourcecode.swift; path = AppDelegate.swift; sourceTree = "<group>"; };
		7F330E2D212C84870037E545 /* ViewController.swift */ = {isa = PBXFileReference; lastKnownFileType = sourcecode.swift; path = ViewController.swift; sourceTree = "<group>"; };
		7F330E30212C84870037E545 /* Base */ = {isa = PBXFileReference; lastKnownFileType = file.storyboard; name = Base; path = Base.lproj/Main.storyboard; sourceTree = "<group>"; };
		7F330E32212C84880037E545 /* Assets.xcassets */ = {isa = PBXFileReference; lastKnownFileType = folder.assetcatalog; path = Assets.xcassets; sourceTree = "<group>"; };
		7F330E35212C84880037E545 /* Base */ = {isa = PBXFileReference; lastKnownFileType = file.storyboard; name = Base; path = Base.lproj/LaunchScreen.storyboard; sourceTree = "<group>"; };
		7F330E37212C84880037E545 /* Info.plist */ = {isa = PBXFileReference; lastKnownFileType = text.plist.xml; path = Info.plist; sourceTree = "<group>"; };
		7F330E3C212C84880037E545 /* ocrdemoTests.xctest */ = {isa = PBXFileReference; explicitFileType = wrapper.cfbundle; includeInIndex = 0; path = ocrdemoTests.xctest; sourceTree = BUILT_PRODUCTS_DIR; };
		7F330E40212C84880037E545 /* ocrdemoTests.swift */ = {isa = PBXFileReference; lastKnownFileType = sourcecode.swift; path = ocrdemoTests.swift; sourceTree = "<group>"; };
		7F330E42212C84890037E545 /* Info.plist */ = {isa = PBXFileReference; lastKnownFileType = text.plist.xml; path = Info.plist; sourceTree = "<group>"; };
		7F330E47212C84890037E545 /* ocrdemoUITests.xctest */ = {isa = PBXFileReference; explicitFileType = wrapper.cfbundle; includeInIndex = 0; path = ocrdemoUITests.xctest; sourceTree = BUILT_PRODUCTS_DIR; };
		7F330E4B212C84890037E545 /* ocrdemoUITests.swift */ = {isa = PBXFileReference; lastKnownFileType = sourcecode.swift; path = ocrdemoUITests.swift; sourceTree = "<group>"; };
		7F330E4D212C84890037E545 /* Info.plist */ = {isa = PBXFileReference; lastKnownFileType = text.plist.xml; path = Info.plist; sourceTree = "<group>"; };
		7FFD9345212D95C80095FDF0 /* tessdata */ = {isa = PBXFileReference; lastKnownFileType = folder; path = tessdata; sourceTree = SOURCE_ROOT; };
		7FFD9347212DF2EA0095FDF0 /* libstdc++.tbd */ = {isa = PBXFileReference; lastKnownFileType = "sourcecode.text-based-dylib-definition"; name = "libstdc++.tbd"; path = "usr/lib/libstdc++.tbd"; sourceTree = SDKROOT; };
		7FFD9349212DF2F90095FDF0 /* CoreImage.framework */ = {isa = PBXFileReference; lastKnownFileType = wrapper.framework; name = CoreImage.framework; path = System/Library/Frameworks/CoreImage.framework; sourceTree = SDKROOT; };
		7FFD934B212DF3070095FDF0 /* TesseractOCR.framework */ = {isa = PBXFileReference; explicitFileType = wrapper.framework; path = TesseractOCR.framework; sourceTree = BUILT_PRODUCTS_DIR; };
		A44266058CFE94C250611222 /* Pods_ocrdemo.framework */ = {isa = PBXFileReference; explicitFileType = wrapper.framework; includeInIndex = 0; path = Pods_ocrdemo.framework; sourceTree = BUILT_PRODUCTS_DIR; };
/* End PBXFileReference section */

/* Begin PBXFrameworksBuildPhase section */
		7F330E25212C84870037E545 /* Frameworks */ = {
			isa = PBXFrameworksBuildPhase;
			buildActionMask = 2147483647;
			files = (
				7FFD934C212DF3070095FDF0 /* TesseractOCR.framework in Frameworks */,
				7FFD934A212DF2FA0095FDF0 /* CoreImage.framework in Frameworks */,
				7FFD9348212DF2EA0095FDF0 /* libstdc++.tbd in Frameworks */,
				B53F1E0C998CC15602A2C48A /* Pods_ocrdemo.framework in Frameworks */,
			);
			runOnlyForDeploymentPostprocessing = 0;
		};
		7F330E39212C84880037E545 /* Frameworks */ = {
			isa = PBXFrameworksBuildPhase;
			buildActionMask = 2147483647;
			files = (
			);
			runOnlyForDeploymentPostprocessing = 0;
		};
		7F330E44212C84890037E545 /* Frameworks */ = {
			isa = PBXFrameworksBuildPhase;
			buildActionMask = 2147483647;
			files = (
			);
			runOnlyForDeploymentPostprocessing = 0;
		};
/* End PBXFrameworksBuildPhase section */

/* Begin PBXGroup section */
		7F330E1F212C84870037E545 = {
			isa = PBXGroup;
			children = (
				7F330E2A212C84870037E545 /* ocrdemo */,
				7F330E3F212C84880037E545 /* ocrdemoTests */,
				7F330E4A212C84890037E545 /* ocrdemoUITests */,
				7F330E29212C84870037E545 /* Products */,
				8719F86335CBC2F79D0E9D87 /* Pods */,
				FA0D0FAB995FC489733510C2 /* Frameworks */,
			);
			sourceTree = "<group>";
		};
		7F330E29212C84870037E545 /* Products */ = {
			isa = PBXGroup;
			children = (
				7F330E28212C84870037E545 /* ocrdemo.app */,
				7F330E3C212C84880037E545 /* ocrdemoTests.xctest */,
				7F330E47212C84890037E545 /* ocrdemoUITests.xctest */,
			);
			name = Products;
			sourceTree = "<group>";
		};
		7F330E2A212C84870037E545 /* ocrdemo */ = {
			isa = PBXGroup;
			children = (
				7F62A127212F091700BE107D /* View */,
				7F62A126212F090100BE107D /* ModelView */,
				7F62A125212F02A800BE107D /* Model */,
				7F62A124212F029E00BE107D /* Controller */,
				7F330E2B212C84870037E545 /* AppDelegate.swift */,
				7F330E32212C84880037E545 /* Assets.xcassets */,
				7FFD9345212D95C80095FDF0 /* tessdata */,
				7F330E37212C84880037E545 /* Info.plist */,
			);
			path = ocrdemo;
			sourceTree = "<group>";
		};
		7F330E3F212C84880037E545 /* ocrdemoTests */ = {
			isa = PBXGroup;
			children = (
				7F330E40212C84880037E545 /* ocrdemoTests.swift */,
				7F330E42212C84890037E545 /* Info.plist */,
			);
			path = ocrdemoTests;
			sourceTree = "<group>";
		};
		7F330E4A212C84890037E545 /* ocrdemoUITests */ = {
			isa = PBXGroup;
			children = (
				7F330E4B212C84890037E545 /* ocrdemoUITests.swift */,
				7F330E4D212C84890037E545 /* Info.plist */,
			);
			path = ocrdemoUITests;
			sourceTree = "<group>";
		};
		7F62A124212F029E00BE107D /* Controller */ = {
			isa = PBXGroup;
			children = (
				7F330E2D212C84870037E545 /* ViewController.swift */,
			);
			path = Controller;
			sourceTree = "<group>";
		};
		7F62A125212F02A800BE107D /* Model */ = {
			isa = PBXGroup;
			children = (
			);
			path = Model;
			sourceTree = "<group>";
		};
		7F62A126212F090100BE107D /* ModelView */ = {
			isa = PBXGroup;
			children = (
			);
			path = ModelView;
			sourceTree = "<group>";
		};
		7F62A127212F091700BE107D /* View */ = {
			isa = PBXGroup;
			children = (
				7F330E2F212C84870037E545 /* Main.storyboard */,
				7F330E34212C84880037E545 /* LaunchScreen.storyboard */,
			);
			path = View;
			sourceTree = "<group>";
		};
		8719F86335CBC2F79D0E9D87 /* Pods */ = {
			isa = PBXGroup;
			children = (
				6A112CB41C0DB194AEB528FB /* Pods-ocrdemo.debug.xcconfig */,
				5C128DBD1BA2BD3A31DE150B /* Pods-ocrdemo.release.xcconfig */,
			);
			name = Pods;
			sourceTree = "<group>";
		};
		FA0D0FAB995FC489733510C2 /* Frameworks */ = {
			isa = PBXGroup;
			children = (
				7FFD934B212DF3070095FDF0 /* TesseractOCR.framework */,
				7FFD9349212DF2F90095FDF0 /* CoreImage.framework */,
				7FFD9347212DF2EA0095FDF0 /* libstdc++.tbd */,
				A44266058CFE94C250611222 /* Pods_ocrdemo.framework */,
			);
			name = Frameworks;
			sourceTree = "<group>";
		};
/* End PBXGroup section */

/* Begin PBXNativeTarget section */
		7F330E27212C84870037E545 /* ocrdemo */ = {
			isa = PBXNativeTarget;
			buildConfigurationList = 7F330E50212C84890037E545 /* Build configuration list for PBXNativeTarget "ocrdemo" */;
			buildPhases = (
				5FAABCB1A85F301A1EBCAD0F /* [CP] Check Pods Manifest.lock */,
				7F330E24212C84870037E545 /* Sources */,
				7F330E25212C84870037E545 /* Frameworks */,
				7F330E26212C84870037E545 /* Resources */,
				0A6E9D6F4E971279E9551D86 /* [CP] Embed Pods Frameworks */,
			);
			buildRules = (
			);
			dependencies = (
			);
			name = ocrdemo;
			productName = ocrdemo;
			productReference = 7F330E28212C84870037E545 /* ocrdemo.app */;
			productType = "com.apple.product-type.application";
		};
		7F330E3B212C84880037E545 /* ocrdemoTests */ = {
			isa = PBXNativeTarget;
			buildConfigurationList = 7F330E53212C84890037E545 /* Build configuration list for PBXNativeTarget "ocrdemoTests" */;
			buildPhases = (
				7F330E38212C84880037E545 /* Sources */,
				7F330E39212C84880037E545 /* Frameworks */,
				7F330E3A212C84880037E545 /* Resources */,
			);
			buildRules = (
			);
			dependencies = (
				7F330E3E212C84880037E545 /* PBXTargetDependency */,
			);
			name = ocrdemoTests;
			productName = ocrdemoTests;
			productReference = 7F330E3C212C84880037E545 /* ocrdemoTests.xctest */;
			productType = "com.apple.product-type.bundle.unit-test";
		};
		7F330E46212C84890037E545 /* ocrdemoUITests */ = {
			isa = PBXNativeTarget;
			buildConfigurationList = 7F330E56212C84890037E545 /* Build configuration list for PBXNativeTarget "ocrdemoUITests" */;
			buildPhases = (
				7F330E43212C84890037E545 /* Sources */,
				7F330E44212C84890037E545 /* Frameworks */,
				7F330E45212C84890037E545 /* Resources */,
			);
			buildRules = (
			);
			dependencies = (
				7F330E49212C84890037E545 /* PBXTargetDependency */,
			);
			name = ocrdemoUITests;
			productName = ocrdemoUITests;
			productReference = 7F330E47212C84890037E545 /* ocrdemoUITests.xctest */;
			productType = "com.apple.product-type.bundle.ui-testing";
		};
/* End PBXNativeTarget section */

/* Begin PBXProject section */
		7F330E20212C84870037E545 /* Project object */ = {
			isa = PBXProject;
			attributes = {
				LastSwiftUpdateCheck = 0940;
				LastUpgradeCheck = 0940;
				ORGANIZATIONNAME = "Gabriel Figueroa";
				TargetAttributes = {
					7F330E27212C84870037E545 = {
						CreatedOnToolsVersion = 9.4.1;
					};
					7F330E3B212C84880037E545 = {
						CreatedOnToolsVersion = 9.4.1;
						TestTargetID = 7F330E27212C84870037E545;
					};
					7F330E46212C84890037E545 = {
						CreatedOnToolsVersion = 9.4.1;
						TestTargetID = 7F330E27212C84870037E545;
					};
				};
			};
			buildConfigurationList = 7F330E23212C84870037E545 /* Build configuration list for PBXProject "ocrdemo" */;
			compatibilityVersion = "Xcode 9.3";
			developmentRegion = en;
			hasScannedForEncodings = 0;
			knownRegions = (
				en,
				Base,
			);
			mainGroup = 7F330E1F212C84870037E545;
			productRefGroup = 7F330E29212C84870037E545 /* Products */;
			projectDirPath = "";
			projectRoot = "";
			targets = (
				7F330E27212C84870037E545 /* ocrdemo */,
				7F330E3B212C84880037E545 /* ocrdemoTests */,
				7F330E46212C84890037E545 /* ocrdemoUITests */,
			);
		};
/* End PBXProject section */

/* Begin PBXResourcesBuildPhase section */
		7F330E26212C84870037E545 /* Resources */ = {
			isa = PBXResourcesBuildPhase;
			buildActionMask = 2147483647;
			files = (
				7F330E36212C84880037E545 /* LaunchScreen.storyboard in Resources */,
				7FFD9346212D95C80095FDF0 /* tessdata in Resources */,
				7F330E33212C84880037E545 /* Assets.xcassets in Resources */,
				7F330E31212C84870037E545 /* Main.storyboard in Resources */,
			);
			runOnlyForDeploymentPostprocessing = 0;
		};
		7F330E3A212C84880037E545 /* Resources */ = {
			isa = PBXResourcesBuildPhase;
			buildActionMask = 2147483647;
			files = (
			);
			runOnlyForDeploymentPostprocessing = 0;
		};
		7F330E45212C84890037E545 /* Resources */ = {
			isa = PBXResourcesBuildPhase;
			buildActionMask = 2147483647;
			files = (
			);
			runOnlyForDeploymentPostprocessing = 0;
		};
/* End PBXResourcesBuildPhase section */

/* Begin PBXShellScriptBuildPhase section */
		0A6E9D6F4E971279E9551D86 /* [CP] Embed Pods Frameworks */ = {
			isa = PBXShellScriptBuildPhase;
			buildActionMask = 2147483647;
			files = (
			);
			inputPaths = (
				"${SRCROOT}/Pods/Target Support Files/Pods-ocrdemo/Pods-ocrdemo-frameworks.sh",
				"${BUILT_PRODUCTS_DIR}/TesseractOCRiOS/TesseractOCR.framework",
			);
			name = "[CP] Embed Pods Frameworks";
			outputPaths = (
				"${TARGET_BUILD_DIR}/${FRAMEWORKS_FOLDER_PATH}/TesseractOCR.framework",
			);
			runOnlyForDeploymentPostprocessing = 0;
			shellPath = /bin/sh;
			shellScript = "\"${SRCROOT}/Pods/Target Support Files/Pods-ocrdemo/Pods-ocrdemo-frameworks.sh\"\n";
			showEnvVarsInLog = 0;
		};
		5FAABCB1A85F301A1EBCAD0F /* [CP] Check Pods Manifest.lock */ = {
			isa = PBXShellScriptBuildPhase;
			buildActionMask = 2147483647;
			files = (
			);
			inputPaths = (
				"${PODS_PODFILE_DIR_PATH}/Podfile.lock",
				"${PODS_ROOT}/Manifest.lock",
			);
			name = "[CP] Check Pods Manifest.lock";
			outputPaths = (
				"$(DERIVED_FILE_DIR)/Pods-ocrdemo-checkManifestLockResult.txt",
			);
			runOnlyForDeploymentPostprocessing = 0;
			shellPath = /bin/sh;
			shellScript = "diff \"${PODS_PODFILE_DIR_PATH}/Podfile.lock\" \"${PODS_ROOT}/Manifest.lock\" > /dev/null\nif [ $? != 0 ] ; then\n    # print error to STDERR\n    echo \"error: The sandbox is not in sync with the Podfile.lock. Run 'pod install' or update your CocoaPods installation.\" >&2\n    exit 1\nfi\n# This output is used by Xcode 'outputs' to avoid re-running this script phase.\necho \"SUCCESS\" > \"${SCRIPT_OUTPUT_FILE_0}\"\n";
			showEnvVarsInLog = 0;
		};
/* End PBXShellScriptBuildPhase section */

/* Begin PBXSourcesBuildPhase section */
		7F330E24212C84870037E545 /* Sources */ = {
			isa = PBXSourcesBuildPhase;
			buildActionMask = 2147483647;
			files = (
				7F330E2E212C84870037E545 /* ViewController.swift in Sources */,
				7F330E2C212C84870037E545 /* AppDelegate.swift in Sources */,
			);
			runOnlyForDeploymentPostprocessing = 0;
		};
		7F330E38212C84880037E545 /* Sources */ = {
			isa = PBXSourcesBuildPhase;
			buildActionMask = 2147483647;
			files = (
				7F330E41212C84880037E545 /* ocrdemoTests.swift in Sources */,
			);
			runOnlyForDeploymentPostprocessing = 0;
		};
		7F330E43212C84890037E545 /* Sources */ = {
			isa = PBXSourcesBuildPhase;
			buildActionMask = 2147483647;
			files = (
				7F330E4C212C84890037E545 /* ocrdemoUITests.swift in Sources */,
			);
			runOnlyForDeploymentPostprocessing = 0;
		};
/* End PBXSourcesBuildPhase section */

/* Begin PBXTargetDependency section */
		7F330E3E212C84880037E545 /* PBXTargetDependency */ = {
			isa = PBXTargetDependency;
			target = 7F330E27212C84870037E545 /* ocrdemo */;
			targetProxy = 7F330E3D212C84880037E545 /* PBXContainerItemProxy */;
		};
		7F330E49212C84890037E545 /* PBXTargetDependency */ = {
			isa = PBXTargetDependency;
			target = 7F330E27212C84870037E545 /* ocrdemo */;
			targetProxy = 7F330E48212C84890037E545 /* PBXContainerItemProxy */;
		};
/* End PBXTargetDependency section */

/* Begin PBXVariantGroup section */
		7F330E2F212C84870037E545 /* Main.storyboard */ = {
			isa = PBXVariantGroup;
			children = (
				7F330E30212C84870037E545 /* Base */,
			);
			name = Main.storyboard;
			sourceTree = "<group>";
		};
		7F330E34212C84880037E545 /* LaunchScreen.storyboard */ = {
			isa = PBXVariantGroup;
			children = (
				7F330E35212C84880037E545 /* Base */,
			);
			name = LaunchScreen.storyboard;
			sourceTree = "<group>";
		};
/* End PBXVariantGroup section */

/* Begin XCBuildConfiguration section */
		7F330E4E212C84890037E545 /* Debug */ = {
			isa = XCBuildConfiguration;
			buildSettings = {
				ALWAYS_SEARCH_USER_PATHS = NO;
				CLANG_ANALYZER_NONNULL = YES;
				CLANG_ANALYZER_NUMBER_OBJECT_CONVERSION = YES_AGGRESSIVE;
				CLANG_CXX_LANGUAGE_STANDARD = "gnu++14";
				CLANG_CXX_LIBRARY = "libc++";
				CLANG_ENABLE_MODULES = YES;
				CLANG_ENABLE_OBJC_ARC = YES;
				CLANG_ENABLE_OBJC_WEAK = YES;
				CLANG_WARN_BLOCK_CAPTURE_AUTORELEASING = YES;
				CLANG_WARN_BOOL_CONVERSION = YES;
				CLANG_WARN_COMMA = YES;
				CLANG_WARN_CONSTANT_CONVERSION = YES;
				CLANG_WARN_DEPRECATED_OBJC_IMPLEMENTATIONS = YES;
				CLANG_WARN_DIRECT_OBJC_ISA_USAGE = YES_ERROR;
				CLANG_WARN_DOCUMENTATION_COMMENTS = YES;
				CLANG_WARN_EMPTY_BODY = YES;
				CLANG_WARN_ENUM_CONVERSION = YES;
				CLANG_WARN_INFINITE_RECURSION = YES;
				CLANG_WARN_INT_CONVERSION = YES;
				CLANG_WARN_NON_LITERAL_NULL_CONVERSION = YES;
				CLANG_WARN_OBJC_IMPLICIT_RETAIN_SELF = YES;
				CLANG_WARN_OBJC_LITERAL_CONVERSION = YES;
				CLANG_WARN_OBJC_ROOT_CLASS = YES_ERROR;
				CLANG_WARN_RANGE_LOOP_ANALYSIS = YES;
				CLANG_WARN_STRICT_PROTOTYPES = YES;
				CLANG_WARN_SUSPICIOUS_MOVE = YES;
				CLANG_WARN_UNGUARDED_AVAILABILITY = YES_AGGRESSIVE;
				CLANG_WARN_UNREACHABLE_CODE = YES;
				CLANG_WARN__DUPLICATE_METHOD_MATCH = YES;
				CODE_SIGN_IDENTITY = "iPhone Developer";
				COPY_PHASE_STRIP = NO;
				DEBUG_INFORMATION_FORMAT = dwarf;
				ENABLE_BITCODE = NO;
				ENABLE_STRICT_OBJC_MSGSEND = YES;
				ENABLE_TESTABILITY = YES;
				GCC_C_LANGUAGE_STANDARD = gnu11;
				GCC_DYNAMIC_NO_PIC = NO;
				GCC_NO_COMMON_BLOCKS = YES;
				GCC_OPTIMIZATION_LEVEL = 0;
				GCC_PREPROCESSOR_DEFINITIONS = (
					"DEBUG=1",
					"$(inherited)",
				);
				GCC_WARN_64_TO_32_BIT_CONVERSION = YES;
				GCC_WARN_ABOUT_RETURN_TYPE = YES_ERROR;
				GCC_WARN_UNDECLARED_SELECTOR = YES;
				GCC_WARN_UNINITIALIZED_AUTOS = YES_AGGRESSIVE;
				GCC_WARN_UNUSED_FUNCTION = YES;
				GCC_WARN_UNUSED_VARIABLE = YES;
				IPHONEOS_DEPLOYMENT_TARGET = 11.4;
				MTL_ENABLE_DEBUG_INFO = YES;
				ONLY_ACTIVE_ARCH = YES;
				SDKROOT = iphoneos;
				SWIFT_ACTIVE_COMPILATION_CONDITIONS = DEBUG;
				SWIFT_OPTIMIZATION_LEVEL = "-Onone";
			};
			name = Debug;
		};
		7F330E4F212C84890037E545 /* Release */ = {
			isa = XCBuildConfiguration;
			buildSettings = {
				ALWAYS_SEARCH_USER_PATHS = NO;
				CLANG_ANALYZER_NONNULL = YES;
				CLANG_ANALYZER_NUMBER_OBJECT_CONVERSION = YES_AGGRESSIVE;
				CLANG_CXX_LANGUAGE_STANDARD = "gnu++14";
				CLANG_CXX_LIBRARY = "libc++";
				CLANG_ENABLE_MODULES = YES;
				CLANG_ENABLE_OBJC_ARC = YES;
				CLANG_ENABLE_OBJC_WEAK = YES;
				CLANG_WARN_BLOCK_CAPTURE_AUTORELEASING = YES;
				CLANG_WARN_BOOL_CONVERSION = YES;
				CLANG_WARN_COMMA = YES;
				CLANG_WARN_CONSTANT_CONVERSION = YES;
				CLANG_WARN_DEPRECATED_OBJC_IMPLEMENTATIONS = YES;
				CLANG_WARN_DIRECT_OBJC_ISA_USAGE = YES_ERROR;
				CLANG_WARN_DOCUMENTATION_COMMENTS = YES;
				CLANG_WARN_EMPTY_BODY = YES;
				CLANG_WARN_ENUM_CONVERSION = YES;
				CLANG_WARN_INFINITE_RECURSION = YES;
				CLANG_WARN_INT_CONVERSION = YES;
				CLANG_WARN_NON_LITERAL_NULL_CONVERSION = YES;
				CLANG_WARN_OBJC_IMPLICIT_RETAIN_SELF = YES;
				CLANG_WARN_OBJC_LITERAL_CONVERSION = YES;
				CLANG_WARN_OBJC_ROOT_CLASS = YES_ERROR;
				CLANG_WARN_RANGE_LOOP_ANALYSIS = YES;
				CLANG_WARN_STRICT_PROTOTYPES = YES;
				CLANG_WARN_SUSPICIOUS_MOVE = YES;
				CLANG_WARN_UNGUARDED_AVAILABILITY = YES_AGGRESSIVE;
				CLANG_WARN_UNREACHABLE_CODE = YES;
				CLANG_WARN__DUPLICATE_METHOD_MATCH = YES;
				CODE_SIGN_IDENTITY = "iPhone Developer";
				COPY_PHASE_STRIP = NO;
				DEBUG_INFORMATION_FORMAT = "dwarf-with-dsym";
				ENABLE_BITCODE = NO;
				ENABLE_NS_ASSERTIONS = NO;
				ENABLE_STRICT_OBJC_MSGSEND = YES;
				GCC_C_LANGUAGE_STANDARD = gnu11;
				GCC_NO_COMMON_BLOCKS = YES;
				GCC_WARN_64_TO_32_BIT_CONVERSION = YES;
				GCC_WARN_ABOUT_RETURN_TYPE = YES_ERROR;
				GCC_WARN_UNDECLARED_SELECTOR = YES;
				GCC_WARN_UNINITIALIZED_AUTOS = YES_AGGRESSIVE;
				GCC_WARN_UNUSED_FUNCTION = YES;
				GCC_WARN_UNUSED_VARIABLE = YES;
				IPHONEOS_DEPLOYMENT_TARGET = 11.4;
				MTL_ENABLE_DEBUG_INFO = NO;
				SDKROOT = iphoneos;
				SWIFT_COMPILATION_MODE = wholemodule;
				SWIFT_OPTIMIZATION_LEVEL = "-O";
				VALIDATE_PRODUCT = YES;
			};
			name = Release;
		};
		7F330E51212C84890037E545 /* Debug */ = {
			isa = XCBuildConfiguration;
			baseConfigurationReference = 6A112CB41C0DB194AEB528FB /* Pods-ocrdemo.debug.xcconfig */;
			buildSettings = {
				ASSETCATALOG_COMPILER_APPICON_NAME = AppIcon;
				CODE_SIGN_STYLE = Automatic;
				DEVELOPMENT_TEAM = HQ3C6BV2H5;
				ENABLE_BITCODE = NO;
				INFOPLIST_FILE = ocrdemo/Info.plist;
				IPHONEOS_DEPLOYMENT_TARGET = 11.4;
				LD_RUNPATH_SEARCH_PATHS = (
					"$(inherited)",
					"@executable_path/Frameworks",
				);
				PRODUCT_BUNDLE_IDENTIFIER = demo.ocrdemo;
				PRODUCT_NAME = "$(TARGET_NAME)";
				SWIFT_VERSION = 4.0;
				TARGETED_DEVICE_FAMILY = "1,2";
			};
			name = Debug;
		};
		7F330E52212C84890037E545 /* Release */ = {
			isa = XCBuildConfiguration;
			baseConfigurationReference = 5C128DBD1BA2BD3A31DE150B /* Pods-ocrdemo.release.xcconfig */;
			buildSettings = {
				ASSETCATALOG_COMPILER_APPICON_NAME = AppIcon;
				CODE_SIGN_STYLE = Automatic;
				DEVELOPMENT_TEAM = HQ3C6BV2H5;
				ENABLE_BITCODE = NO;
				INFOPLIST_FILE = ocrdemo/Info.plist;
				IPHONEOS_DEPLOYMENT_TARGET = 11.4;
				LD_RUNPATH_SEARCH_PATHS = (
					"$(inherited)",
					"@executable_path/Frameworks",
				);
				PRODUCT_BUNDLE_IDENTIFIER = demo.ocrdemo;
				PRODUCT_NAME = "$(TARGET_NAME)";
				SWIFT_VERSION = 4.0;
				TARGETED_DEVICE_FAMILY = "1,2";
			};
			name = Release;
		};
		7F330E54212C84890037E545 /* Debug */ = {
			isa = XCBuildConfiguration;
			buildSettings = {
				ALWAYS_EMBED_SWIFT_STANDARD_LIBRARIES = YES;
				BUNDLE_LOADER = "$(TEST_HOST)";
				CODE_SIGN_STYLE = Automatic;
				INFOPLIST_FILE = ocrdemoTests/Info.plist;
				LD_RUNPATH_SEARCH_PATHS = (
					"$(inherited)",
					"@executable_path/Frameworks",
					"@loader_path/Frameworks",
				);
				PRODUCT_BUNDLE_IDENTIFIER = com.gabrielfigueroa.ocrdemoTests;
				PRODUCT_NAME = "$(TARGET_NAME)";
				SWIFT_VERSION = 4.0;
				TARGETED_DEVICE_FAMILY = "1,2";
				TEST_HOST = "$(BUILT_PRODUCTS_DIR)/ocrdemo.app/ocrdemo";
			};
			name = Debug;
		};
		7F330E55212C84890037E545 /* Release */ = {
			isa = XCBuildConfiguration;
			buildSettings = {
				ALWAYS_EMBED_SWIFT_STANDARD_LIBRARIES = YES;
				BUNDLE_LOADER = "$(TEST_HOST)";
				CODE_SIGN_STYLE = Automatic;
				INFOPLIST_FILE = ocrdemoTests/Info.plist;
				LD_RUNPATH_SEARCH_PATHS = (
					"$(inherited)",
					"@executable_path/Frameworks",
					"@loader_path/Frameworks",
				);
				PRODUCT_BUNDLE_IDENTIFIER = com.gabrielfigueroa.ocrdemoTests;
				PRODUCT_NAME = "$(TARGET_NAME)";
				SWIFT_VERSION = 4.0;
				TARGETED_DEVICE_FAMILY = "1,2";
				TEST_HOST = "$(BUILT_PRODUCTS_DIR)/ocrdemo.app/ocrdemo";
			};
			name = Release;
		};
		7F330E57212C84890037E545 /* Debug */ = {
			isa = XCBuildConfiguration;
			buildSettings = {
				ALWAYS_EMBED_SWIFT_STANDARD_LIBRARIES = YES;
				CODE_SIGN_STYLE = Automatic;
				INFOPLIST_FILE = ocrdemoUITests/Info.plist;
				LD_RUNPATH_SEARCH_PATHS = (
					"$(inherited)",
					"@executable_path/Frameworks",
					"@loader_path/Frameworks",
				);
				PRODUCT_BUNDLE_IDENTIFIER = com.gabrielfigueroa.ocrdemoUITests;
				PRODUCT_NAME = "$(TARGET_NAME)";
				SWIFT_VERSION = 4.0;
				TARGETED_DEVICE_FAMILY = "1,2";
				TEST_TARGET_NAME = ocrdemo;
			};
			name = Debug;
		};
		7F330E58212C84890037E545 /* Release */ = {
			isa = XCBuildConfiguration;
			buildSettings = {
				ALWAYS_EMBED_SWIFT_STANDARD_LIBRARIES = YES;
				CODE_SIGN_STYLE = Automatic;
				INFOPLIST_FILE = ocrdemoUITests/Info.plist;
				LD_RUNPATH_SEARCH_PATHS = (
					"$(inherited)",
					"@executable_path/Frameworks",
					"@loader_path/Frameworks",
				);
				PRODUCT_BUNDLE_IDENTIFIER = com.gabrielfigueroa.ocrdemoUITests;
				PRODUCT_NAME = "$(TARGET_NAME)";
				SWIFT_VERSION = 4.0;
				TARGETED_DEVICE_FAMILY = "1,2";
				TEST_TARGET_NAME = ocrdemo;
			};
			name = Release;
		};
/* End XCBuildConfiguration section */

/* Begin XCConfigurationList section */
		7F330E23212C84870037E545 /* Build configuration list for PBXProject "ocrdemo" */ = {
			isa = XCConfigurationList;
			buildConfigurations = (
				7F330E4E212C84890037E545 /* Debug */,
				7F330E4F212C84890037E545 /* Release */,
			);
			defaultConfigurationIsVisible = 0;
			defaultConfigurationName = Release;
		};
		7F330E50212C84890037E545 /* Build configuration list for PBXNativeTarget "ocrdemo" */ = {
			isa = XCConfigurationList;
			buildConfigurations = (
				7F330E51212C84890037E545 /* Debug */,
				7F330E52212C84890037E545 /* Release */,
			);
			defaultConfigurationIsVisible = 0;
			defaultConfigurationName = Release;
		};
		7F330E53212C84890037E545 /* Build configuration list for PBXNativeTarget "ocrdemoTests" */ = {
			isa = XCConfigurationList;
			buildConfigurations = (
				7F330E54212C84890037E545 /* Debug */,
				7F330E55212C84890037E545 /* Release */,
			);
			defaultConfigurationIsVisible = 0;
			defaultConfigurationName = Release;
		};
		7F330E56212C84890037E545 /* Build configuration list for PBXNativeTarget "ocrdemoUITests" */ = {
			isa = XCConfigurationList;
			buildConfigurations = (
				7F330E57212C84890037E545 /* Debug */,
				7F330E58212C84890037E545 /* Release */,
			);
			defaultConfigurationIsVisible = 0;
			defaultConfigurationName = Release;
		};
/* End XCConfigurationList section */
	};
	rootObject = 7F330E20212C84870037E545 /* Project object */;
}
